<?xml version="1.0" encoding="utf-8"?>
<Project ToolsVersion="4.0" xmlns="http://schemas.microsoft.com/developer/msbuild/2003">
  <ItemGroup>
    <ClCompile Include="Adresse_mapTB.cpp" />
    <ClCompile Include="Adresse_service.cpp" />
    <ClCompile Include="affichageForms.cpp" />
    <ClCompile Include="CAD.cpp" />
    <ClCompile Include="Client_mapTB.cpp" />
    <ClCompile Include="Client_service.cpp" />
    <ClCompile Include="MyForm.cpp" />
    <ClCompile Include="MyFormClient.cpp" />
    <ClCompile Include="MyFormCommande.cpp" />
    <ClCompile Include="MyFormPersonnel.cpp" />
    <ClCompile Include="MyFormStats.cpp" />
    <ClCompile Include="MyFormVariation.cpp" />
    <ClCompile Include="Payement_mapTB.cpp" />
    <ClCompile Include="Personnel_mapTB.cpp" />
    <ClCompile Include="Personnel_service.cpp" />
    <ClCompile Include="Stock_mapTB.cpp" />
    <ClCompile Include="Stock_service.cpp" />
    <ClCompile Include="MyFormArticle.cpp" />
  </ItemGroup>
  <ItemGroup>
    <ClInclude Include="Adresse_mapTB.h" />
    <ClInclude Include="Adresse_service.h" />
    <ClInclude Include="affichageForms.h" />
    <ClInclude Include="CAD.h" />
    <ClInclude Include="Client_mapTB.h" />
    <ClInclude Include="Client_service.h" />
    <ClInclude Include="MyForm.h" />
    <ClInclude Include="MyFormClient.h" />
    <ClInclude Include="MyFormCommande.h" />
    <ClInclude Include="MyFormPersonnel.h" />
    <ClInclude Include="MyFormStats.h" />
    <ClInclude Include="MyFormVariation.h" />
    <ClInclude Include="Payement_mapTB.h" />
    <ClInclude Include="Personnel_mapTB.h" />
    <ClInclude Include="Personnel_service.h" />
    <ClInclude Include="Stock_mapTB.h" />
    <ClInclude Include="Stock_service.h" />
    <ClInclude Include="MyFormArticle.h" />
  </ItemGroup>
</Project>